
Microsoft Visual Studio Solution File, Format Version 12.00
# Visual Studio 15
VisualStudioVersion = 15.0.28307.168
MinimumVisualStudioVersion = 10.0.40219.1
Project("{FAE04EC0-301F-11D3-BF4B-00C04F79EFBC}") = "AlgorithmHW1", "AlgorithmHW1\AlgorithmHW1.csproj", "{6B8A78DA-2504-4CEE-A458-AC01D3EA2804}"
EndProject
Global
	GlobalSection(SolutionConfigurationPlatforms) = preSolution
		Debug|Any CPU = Debug|Any CPU
		Release|Any CPU = Release|Any CPU
	EndGlobalSection
	GlobalSection(ProjectConfigurationPlatforms) = postSolution
		{6B8A78DA-2504-4CEE-A458-AC01D3EA2804}.Debug|Any CPU.ActiveCfg = Debug|Any CPU
		{6B8A78DA-2504-4CEE-A458-AC01D3EA2804}.Debug|Any CPU.Build.0 = Debug|Any CPU
		{6B8A78DA-2504-4CEE-A458-AC01D3EA2804}.Release|Any CPU.ActiveCfg = Release|Any CPU
		{6B8A78DA-2504-4CEE-A458-AC01D3EA2804}.Release|Any CPU.Build.0 = Release|Any CPU
	EndGlobalSection
	GlobalSection(SolutionProperties) = preSolution
		HideSolutionNode = FALSE
	EndGlobalSection
	GlobalSection(ExtensibilityGlobals) = postSolution
		SolutionGuid = {A2E9E31F-9825-4C46-9B02-5A2113268C9D}
	EndGlobalSection
EndGlobal
